
Microsoft Visual Studio Solution File, Format Version 12.00
# Visual Studio Version 16
VisualStudioVersion = 16.0.31025.194
MinimumVisualStudioVersion = 10.0.40219.1
Project("{FAE04EC0-301F-11D3-BF4B-00C04F79EFBC}") = "test-auth", "test-auth\test-auth.csproj", "{3C7F4445-F373-40E4-8FF5-4CE0C06C03BE}"
EndProject
Global
	GlobalSection(SolutionConfigurationPlatforms) = preSolution
		Debug|Any CPU = Debug|Any CPU
		Release|Any CPU = Release|Any CPU
	EndGlobalSection
	GlobalSection(ProjectConfigurationPlatforms) = postSolution
		{3C7F4445-F373-40E4-8FF5-4CE0C06C03BE}.Debug|Any CPU.ActiveCfg = Debug|Any CPU
		{3C7F4445-F373-40E4-8FF5-4CE0C06C03BE}.Debug|Any CPU.Build.0 = Debug|Any CPU
		{3C7F4445-F373-40E4-8FF5-4CE0C06C03BE}.Release|Any CPU.ActiveCfg = Release|Any CPU
		{3C7F4445-F373-40E4-8FF5-4CE0C06C03BE}.Release|Any CPU.Build.0 = Release|Any CPU
	EndGlobalSection
	GlobalSection(SolutionProperties) = preSolution
		HideSolutionNode = FALSE
	EndGlobalSection
	GlobalSection(ExtensibilityGlobals) = postSolution
		SolutionGuid = {6C9812E2-C34C-45E8-815E-BC046B6722DC}
	EndGlobalSection
EndGlobal
